// !$*UTF8*$!
{
	archiveVersion = 1;
	classes = {};
	objectVersion = 56;
	objects = {


/* Begin XCRemoteSwiftPackageReference section */
		A90000000000000000000001 = {
			isa = XCRemoteSwiftPackageReference;
			repositoryURL = "https://github.com/OlehKulykov/PLzmaSDK.git";
			requirement = {
				branch = master;
				kind = branch;
			};
		};
/* End XCRemoteSwiftPackageReference section */

/* Begin XCSwiftPackageProductDependency section */
		A91000000000000000000001 = {
			isa = XCSwiftPackageProductDependency;
			package = A90000000000000000000001;
			productName = PLzmaSDK;
		};
/* End XCSwiftPackageProductDependency section */

/* Begin PBXBuildFile section */
		A10100000000000000000001 = {isa = PBXBuildFile; fileRef = A20100000000000000000001; };
		A10100000000000000000002 = {isa = PBXBuildFile; fileRef = A20100000000000000000002; };
		A10100000000000000000003 = {isa = PBXBuildFile; fileRef = A20100000000000000000003; };
		A10100000000000000000004 = {isa = PBXBuildFile; fileRef = A20100000000000000000004; };
		A10100000000000000000005 = {isa = PBXBuildFile; fileRef = A20100000000000000000005; };
		A10100000000000000000006 = {isa = PBXBuildFile; fileRef = A20100000000000000000006; };
		A10100000000000000000007 = {isa = PBXBuildFile; fileRef = A20100000000000000000007; };
		A10100000000000000000008 = {isa = PBXBuildFile; fileRef = A20100000000000000000008; };
		A10100000000000000000009 = {isa = PBXBuildFile; fileRef = A20100000000000000000009; };
/* End PBXBuildFile section */

/* Begin PBXFileReference section */
		A20100000000000000000001 = {isa = PBXFileReference; lastKnownFileType = sourcecode.swift; path = MainUploaderApp.swift; sourceTree = "<group>"; };
		A20100000000000000000002 = {isa = PBXFileReference; lastKnownFileType = sourcecode.swift; path = ContentView.swift; sourceTree = "<group>"; };
		A20100000000000000000003 = {isa = PBXFileReference; lastKnownFileType = sourcecode.swift; path = UploadViewModel.swift; sourceTree = "<group>"; };
		A20100000000000000000004 = {isa = PBXFileReference; lastKnownFileType = sourcecode.swift; path = Models.swift; sourceTree = "<group>"; };
		A20100000000000000000005 = {isa = PBXFileReference; lastKnownFileType = sourcecode.swift; path = Crypto.swift; sourceTree = "<group>"; };
		A20100000000000000000006 = {isa = PBXFileReference; lastKnownFileType = sourcecode.swift; path = CompressionHelper.swift; sourceTree = "<group>"; };
		A20100000000000000000007 = {isa = PBXFileReference; lastKnownFileType = sourcecode.swift; path = JuanchoPackage.swift; sourceTree = "<group>"; };
		A20100000000000000000008 = {isa = PBXFileReference; lastKnownFileType = sourcecode.swift; path = FilesystemTarget.swift; sourceTree = "<group>"; };
		A20100000000000000000009 = {isa = PBXFileReference; lastKnownFileType = sourcecode.swift; path = PatchStore.swift; sourceTree = "<group>"; };
		A20100000000000000000010 = {isa = PBXFileReference; lastKnownFileType = text.plist.xml; path = Info.plist; sourceTree = "<group>"; };
		A20200000000000000000001 = {isa = PBXFileReference; explicitFileType = wrapper.application; includeInIndex = 0; path = DirectInstaller.app; sourceTree = BUILT_PRODUCTS_DIR; };
/* End PBXFileReference section */

/* Begin PBXFrameworksBuildPhase section */
		A30100000000000000000001 = {
			isa = PBXFrameworksBuildPhase;
			buildActionMask = 2147483647;
			files = ();
			runOnlyForDeploymentPostprocessing = 0;
		};
/* End PBXFrameworksBuildPhase section */

/* Begin PBXGroup section */
		A40100000000000000000001 = {
			isa = PBXGroup;
			children = (
				A40100000000000000000002,
				A40100000000000000000003,
			);
			sourceTree = "<group>";
		};
		A40100000000000000000002 = {
			isa = PBXGroup;
			children = (
				A20100000000000000000001,
				A20100000000000000000002,
				A20100000000000000000003,
				A20100000000000000000004,
				A20100000000000000000005,
				A20100000000000000000006,
				A20100000000000000000007,
				A20100000000000000000008,
				A20100000000000000000009,
				A20100000000000000000010,
			);
			sourceTree = "<group>";
		};
		A40100000000000000000003 = {
			isa = PBXGroup;
			children = (
				A20200000000000000000001,
			);
			name = Products;
			sourceTree = "<group>";
		};
/* End PBXGroup section */

/* Begin PBXNativeTarget section */
		A50100000000000000000001 = {
			isa = PBXNativeTarget;
			buildConfigurationList = A60100000000000000000002;
			buildPhases = (
				A30300000000000000000001,
				A30100000000000000000001,
				A30200000000000000000001,
			);
			buildRules = ();
			dependencies = ();
			name = DirectInstaller;
			productName = DirectInstaller;
			productReference = A20200000000000000000001;
			productType = "com.apple.product-type.application";
			packageProductDependencies = (
				A91000000000000000000001,
			);
		};
/* End PBXNativeTarget section */

/* Begin PBXProject section */
		A70100000000000000000001 = {
			isa = PBXProject;
			attributes = {
				BuildIndependentTargetsInParallel = 1;
				LastSwiftUpdateCheck = 1600;
				LastUpgradeCheck = 1600;
				TargetAttributes = {
					A50100000000000000000001 = {
						CreatedOnToolsVersion = 16.0;
					};
				};
			};
			buildConfigurationList = A60100000000000000000001;
			compatibilityVersion = "Xcode 14.0";
			developmentRegion = en;
			hasScannedForEncodings = 0;
			knownRegions = (
				en,
				Base,
			);
			mainGroup = A40100000000000000000001;
			productRefGroup = A40100000000000000000003;
			projectDirPath = "";
			projectRoot = "";
			packageReferences = (
				A90000000000000000000001,
			);
			targets = (
				A50100000000000000000001,
			);
		};
/* End PBXProject section */

/* Begin PBXResourcesBuildPhase section */
		A30200000000000000000001 = {
			isa = PBXResourcesBuildPhase;
			buildActionMask = 2147483647;
			files = ();
			runOnlyForDeploymentPostprocessing = 0;
		};
/* End PBXResourcesBuildPhase section */

/* Begin PBXSourcesBuildPhase section */
		A30300000000000000000001 = {
			isa = PBXSourcesBuildPhase;
			buildActionMask = 2147483647;
			files = (
				A10100000000000000000001,
				A10100000000000000000002,
				A10100000000000000000003,
				A10100000000000000000004,
				A10100000000000000000005,
				A10100000000000000000006,
				A10100000000000000000007,
				A10100000000000000000008,
				A10100000000000000000009,
			);
			runOnlyForDeploymentPostprocessing = 0;
		};
/* End PBXSourcesBuildPhase section */

/* Begin XCBuildConfiguration section */
		A80100000000000000000001 = {
			isa = XCBuildConfiguration;
			buildSettings = {
				ALWAYS_SEARCH_USER_PATHS = NO;
				CLANG_ANALYZER_NONNULL = YES;
				CLANG_ENABLE_MODULES = YES;
				CLANG_CXX_LANGUAGE_STANDARD = "gnu++20";
				CLANG_ENABLE_OBJC_ARC = YES;
				CLANG_WARN_BOOL_CONVERSION = YES;
				CLANG_WARN_COMMA = YES;
				CLANG_WARN_CONSTANT_CONVERSION = YES;
				CLANG_WARN_DEPRECATED_OBJC_IMPLEMENTATIONS = YES;
				CLANG_WARN_DIRECT_OBJC_ISA_USAGE = YES_ERROR;
				CLANG_WARN_EMPTY_BODY = YES;
				CLANG_WARN_ENUM_CONVERSION = YES;
				CLANG_WARN_IMPLICIT_RETAIN_SELF = YES;
				CLANG_WARN_INT_CONVERSION = YES;
				CLANG_WARN_OBJC_IMPLICIT_RETAIN_SELF = YES;
				CLANG_WARN_OBJC_LITERAL_CONVERSION = YES;
				CLANG_WARN_OBJC_ROOT_CLASS = YES_ERROR;
				CLANG_WARN_UNGUARDED_AVAILABILITY = YES_AGGRESSIVE;
				CLANG_WARN_UNREACHABLE_CODE = YES;
				CLANG_WARN__DUPLICATE_METHOD_MATCH = YES;
				COPY_PHASE_STRIP = NO;
				DEBUG_INFORMATION_FORMAT = dwarf;
				ENABLE_TESTABILITY = YES;
				GCC_C_LANGUAGE_STANDARD = gnu17;
				GCC_NO_COMMON_BLOCKS = YES;
				GCC_OPTIMIZATION_LEVEL = 0;
				GCC_WARN_64_TO_32_BIT_CONVERSION = YES;
				GCC_WARN_ABOUT_RETURN_TYPE = YES_ERROR;
				GCC_WARN_UNINITIALIZED_AUTOS = YES_AGGRESSIVE;
				IPHONEOS_DEPLOYMENT_TARGET = 16.0;
				MTL_ENABLE_DEBUG_INFO = INCLUDE_SOURCE;
				ONLY_ACTIVE_ARCH = YES;
				SDKROOT = iphoneos;
				SWIFT_ACTIVE_COMPILATION_CONDITIONS = "DEBUG $(inherited)";
				SWIFT_OPTIMIZATION_LEVEL = "-Onone";
				SWIFT_VERSION = 5.7;
			};
			name = Debug;
		};
		A80100000000000000000002 = {
			isa = XCBuildConfiguration;
			buildSettings = {
				ALWAYS_SEARCH_USER_PATHS = NO;
				CLANG_ANALYZER_NONNULL = YES;
				CLANG_ENABLE_MODULES = YES;
				CLANG_CXX_LANGUAGE_STANDARD = "gnu++20";
				CLANG_ENABLE_OBJC_ARC = YES;
				CLANG_WARN_BOOL_CONVERSION = YES;
				CLANG_WARN_COMMA = YES;
				CLANG_WARN_CONSTANT_CONVERSION = YES;
				CLANG_WARN_DEPRECATED_OBJC_IMPLEMENTATIONS = YES;
				CLANG_WARN_DIRECT_OBJC_ISA_USAGE = YES_ERROR;
				CLANG_WARN_EMPTY_BODY = YES;
				CLANG_WARN_ENUM_CONVERSION = YES;
				CLANG_WARN_IMPLICIT_RETAIN_SELF = YES;
				CLANG_WARN_INT_CONVERSION = YES;
				CLANG_WARN_OBJC_IMPLICIT_RETAIN_SELF = YES;
				CLANG_WARN_OBJC_LITERAL_CONVERSION = YES;
				CLANG_WARN_OBJC_ROOT_CLASS = YES_ERROR;
				CLANG_WARN_UNGUARDED_AVAILABILITY = YES;
				CLANG_WARN_UNREACHABLE_CODE = YES;
				CLANG_WARN__DUPLICATE_METHOD_MATCH = YES;
				COPY_PHASE_STRIP = YES;
				DEBUG_INFORMATION_FORMAT = "dwarf-with-dsym";
				ENABLE_NS_ASSERTIONS = NO;
				GCC_C_LANGUAGE_STANDARD = gnu17;
				GCC_NO_COMMON_BLOCKS = YES;
				GCC_OPTIMIZATION_LEVEL = 3;
				GCC_WARN_64_TO_32_BIT_CONVERSION = YES;
				GCC_WARN_ABOUT_RETURN_TYPE = YES_ERROR;
				GCC_WARN_UNDECLARED_FUNCTION = YES;
				GCC_WARN_UNINITIALIZED_AUTOS = YES;
				IPHONEOS_DEPLOYMENT_TARGET = 16.0;
				MTL_ENABLE_DEBUG_INFO = NO;
				ONLY_ACTIVE_ARCH = NO;
				SDKROOT = iphoneos;
				SWIFT_COMPILATION_MODE = wholemodule;
				SWIFT_OPTIMIZATION_LEVEL = "-Osize";
				SWIFT_VERSION = 5.7;
			};
			name = Release;
		};
		A60100000000000000000001 = {
			isa = XCConfigurationList;
			buildConfigurations = (
				A80100000000000000000001,
				A80100000000000000000002,
			);
			defaultConfigurationIsVisible = 0;
			defaultConfigurationName = Release;
		};
		A60100000000000000000002 = {
			isa = XCConfigurationList;
			buildConfigurations = (
				A80200000000000000000001,
				A80200000000000000000002,
			);
			defaultConfigurationIsVisible = 0;
			defaultConfigurationName = Release;
		};
		A80200000000000000000001 = {
			isa = XCBuildConfiguration;
			buildSettings = {
				CODE_SIGN_STYLE = Automatic;
				CURRENT_PROJECT_VERSION = 1;
				DEVELOPMENT_TEAM = "";
				GENERATE_INFOPLIST_FILE = NO;
				INFOPLIST_FILE = Info.plist;
				IPHONEOS_DEPLOYMENT_TARGET = 16.0;
				LD_RUNPATH_SEARCH_PATHS = (
					"$(inherited)",
					"@executable_path/Frameworks",
				);
				MARKETING_VERSION = 1.0;
				PRODUCT_BUNDLE_IDENTIFIER = com.Juancho.Installer;
				PRODUCT_NAME = "$(TARGET_NAME)";
				SUPPORTED_PLATFORMS = "iphoneos iphonesimulator";
				SUPPORTS_MACCATALYST = NO;
				SWIFT_EMIT_LOC_STRINGS = YES;
				SWIFT_VERSION = 5.7;
				TARGETED_DEVICE_FAMILY = "1,2";
			};
			name = Debug;
		};
		A80200000000000000000002 = {
			isa = XCBuildConfiguration;
			buildSettings = {
				CODE_SIGN_STYLE = Automatic;
				COPY_PHASE_STRIP = YES;
				CURRENT_PROJECT_VERSION = 1;
				DEAD_CODE_STRIPPING = YES;
				DEVELOPMENT_TEAM = "";
				GENERATE_INFOPLIST_FILE = NO;
				INFOPLIST_FILE = Info.plist;
				IPHONEOS_DEPLOYMENT_TARGET = 16.0;
				LD_RUNPATH_SEARCH_PATHS = (
					"$(inherited)",
					"@executable_path/Frameworks",
				);
				MARKETING_VERSION = 1.0;
				PRODUCT_BUNDLE_IDENTIFIER = com.Juancho.Installer;
				PRODUCT_NAME = "$(TARGET_NAME)";
				SUPPORTED_PLATFORMS = "iphoneos iphonesimulator";
				SUPPORTS_MACCATALYST = NO;
				SWIFT_EMIT_LOC_STRINGS = YES;
				SWIFT_VERSION = 5.7;
				SWIFT_COMPILATION_MODE = wholemodule;
				SWIFT_OPTIMIZATION_LEVEL = "-Osize";
				TARGETED_DEVICE_FAMILY = "1,2";
			};
			name = Release;
		};
	};
	rootObject = A70100000000000000000001;
}
